
Microsoft Visual Studio Solution File, Format Version 12.00
# Visual Studio Version 16
VisualStudioVersion = 16.0.31410.357
MinimumVisualStudioVersion = 10.0.40219.1
Project("{FAE04EC0-301F-11D3-BF4B-00C04F79EFBC}") = "HeroesInfoLibrary", "HeroesInfoBot\HeroesInfoLibrary.csproj", "{C70C4CC9-B2CD-4AE3-9C85-DCE1E3076709}"
EndProject
Project("{FAE04EC0-301F-11D3-BF4B-00C04F79EFBC}") = "HeroesLibraryTester", "HeroesLibraryTester\HeroesLibraryTester.csproj", "{2B202CAC-61B6-453E-BB83-90B372667B24}"
EndProject
Global
	GlobalSection(SolutionConfigurationPlatforms) = preSolution
		Debug|Any CPU = Debug|Any CPU
		Release|Any CPU = Release|Any CPU
	EndGlobalSection
	GlobalSection(ProjectConfigurationPlatforms) = postSolution
		{C70C4CC9-B2CD-4AE3-9C85-DCE1E3076709}.Debug|Any CPU.ActiveCfg = Debug|Any CPU
		{C70C4CC9-B2CD-4AE3-9C85-DCE1E3076709}.Debug|Any CPU.Build.0 = Debug|Any CPU
		{C70C4CC9-B2CD-4AE3-9C85-DCE1E3076709}.Release|Any CPU.ActiveCfg = Release|Any CPU
		{C70C4CC9-B2CD-4AE3-9C85-DCE1E3076709}.Release|Any CPU.Build.0 = Release|Any CPU
		{2B202CAC-61B6-453E-BB83-90B372667B24}.Debug|Any CPU.ActiveCfg = Debug|Any CPU
		{2B202CAC-61B6-453E-BB83-90B372667B24}.Debug|Any CPU.Build.0 = Debug|Any CPU
		{2B202CAC-61B6-453E-BB83-90B372667B24}.Release|Any CPU.ActiveCfg = Release|Any CPU
		{2B202CAC-61B6-453E-BB83-90B372667B24}.Release|Any CPU.Build.0 = Release|Any CPU
	EndGlobalSection
	GlobalSection(SolutionProperties) = preSolution
		HideSolutionNode = FALSE
	EndGlobalSection
	GlobalSection(ExtensibilityGlobals) = postSolution
		SolutionGuid = {2DCAA460-D418-453F-8C94-0D2933B44256}
	EndGlobalSection
EndGlobal
