
Microsoft Visual Studio Solution File, Format Version 12.00
# Visual Studio Version 16
VisualStudioVersion = 16.0.31424.327
MinimumVisualStudioVersion = 10.0.40219.1
Project("{9A19103F-16F7-4668-BE54-9A1E7A4F7556}") = "HeroesInfoLibrary", "HeroesInfoLibrary\HeroesInfoLibrary.csproj", "{87B1399A-96A4-462E-8115-7B406689EE32}"
EndProject
Project("{FAE04EC0-301F-11D3-BF4B-00C04F79EFBC}") = "HeroesLibraryTester", "HeroesLibraryTester\HeroesLibraryTester.csproj", "{DF12BA87-2588-4C56-BF3A-75EBD392BAAA}"
EndProject
Global
	GlobalSection(SolutionConfigurationPlatforms) = preSolution
		Debug|Any CPU = Debug|Any CPU
		Release|Any CPU = Release|Any CPU
	EndGlobalSection
	GlobalSection(ProjectConfigurationPlatforms) = postSolution
		{87B1399A-96A4-462E-8115-7B406689EE32}.Debug|Any CPU.ActiveCfg = Debug|Any CPU
		{87B1399A-96A4-462E-8115-7B406689EE32}.Debug|Any CPU.Build.0 = Debug|Any CPU
		{87B1399A-96A4-462E-8115-7B406689EE32}.Release|Any CPU.ActiveCfg = Release|Any CPU
		{87B1399A-96A4-462E-8115-7B406689EE32}.Release|Any CPU.Build.0 = Release|Any CPU
		{DF12BA87-2588-4C56-BF3A-75EBD392BAAA}.Debug|Any CPU.ActiveCfg = Debug|Any CPU
		{DF12BA87-2588-4C56-BF3A-75EBD392BAAA}.Debug|Any CPU.Build.0 = Debug|Any CPU
		{DF12BA87-2588-4C56-BF3A-75EBD392BAAA}.Release|Any CPU.ActiveCfg = Release|Any CPU
		{DF12BA87-2588-4C56-BF3A-75EBD392BAAA}.Release|Any CPU.Build.0 = Release|Any CPU
	EndGlobalSection
	GlobalSection(SolutionProperties) = preSolution
		HideSolutionNode = FALSE
	EndGlobalSection
	GlobalSection(ExtensibilityGlobals) = postSolution
		SolutionGuid = {5BB54379-CC17-4FC2-AAD0-7B66BC9E908A}
	EndGlobalSection
EndGlobal
